
Microsoft Visual Studio Solution File, Format Version 12.00
# Visual Studio Version 17
VisualStudioVersion = 17.0.31912.275
MinimumVisualStudioVersion = 10.0.40219.1
Project("{FAE04EC0-301F-11D3-BF4B-00C04F79EFBC}") = "WebAppDemo", "WebAppDemo\WebAppDemo.csproj", "{FBB25684-D526-4872-80EA-DDB9317F2646}"
EndProject
Global
	GlobalSection(SolutionConfigurationPlatforms) = preSolution
		Debug|Any CPU = Debug|Any CPU
		Release|Any CPU = Release|Any CPU
	EndGlobalSection
	GlobalSection(ProjectConfigurationPlatforms) = postSolution
		{FBB25684-D526-4872-80EA-DDB9317F2646}.Debug|Any CPU.ActiveCfg = Debug|Any CPU
		{FBB25684-D526-4872-80EA-DDB9317F2646}.Debug|Any CPU.Build.0 = Debug|Any CPU
		{FBB25684-D526-4872-80EA-DDB9317F2646}.Release|Any CPU.ActiveCfg = Release|Any CPU
		{FBB25684-D526-4872-80EA-DDB9317F2646}.Release|Any CPU.Build.0 = Release|Any CPU
	EndGlobalSection
	GlobalSection(SolutionProperties) = preSolution
		HideSolutionNode = FALSE
	EndGlobalSection
	GlobalSection(ExtensibilityGlobals) = postSolution
		SolutionGuid = {8438A767-318F-4DF5-B17D-736A7CE66AB1}
	EndGlobalSection
EndGlobal
