
Microsoft Visual Studio Solution File, Format Version 12.00
# Visual Studio Version 17
VisualStudioVersion = 17.0.31912.275
MinimumVisualStudioVersion = 10.0.40219.1
Project("{FAE04EC0-301F-11D3-BF4B-00C04F79EFBC}") = "jan27", "jan27\jan27.csproj", "{9EF7386A-5717-45BF-B87E-31B112FCC9BC}"
EndProject
Global
	GlobalSection(SolutionConfigurationPlatforms) = preSolution
		Debug|Any CPU = Debug|Any CPU
		Release|Any CPU = Release|Any CPU
	EndGlobalSection
	GlobalSection(ProjectConfigurationPlatforms) = postSolution
		{9EF7386A-5717-45BF-B87E-31B112FCC9BC}.Debug|Any CPU.ActiveCfg = Debug|Any CPU
		{9EF7386A-5717-45BF-B87E-31B112FCC9BC}.Debug|Any CPU.Build.0 = Debug|Any CPU
		{9EF7386A-5717-45BF-B87E-31B112FCC9BC}.Release|Any CPU.ActiveCfg = Release|Any CPU
		{9EF7386A-5717-45BF-B87E-31B112FCC9BC}.Release|Any CPU.Build.0 = Release|Any CPU
	EndGlobalSection
	GlobalSection(SolutionProperties) = preSolution
		HideSolutionNode = FALSE
	EndGlobalSection
	GlobalSection(ExtensibilityGlobals) = postSolution
		SolutionGuid = {9AC486DD-CE49-4DAE-A569-493BD6AE7BBB}
	EndGlobalSection
EndGlobal
