
Microsoft Visual Studio Solution File, Format Version 12.00
# Visual Studio Version 17
VisualStudioVersion = 17.0.31912.275
MinimumVisualStudioVersion = 10.0.40219.1
Project("{FAE04EC0-301F-11D3-BF4B-00C04F79EFBC}") = "NET4Import", "NET4Import\NET4Import.csproj", "{EE4B28F2-EFB4-4FAA-9284-9B57585C810B}"
EndProject
Global
	GlobalSection(SolutionConfigurationPlatforms) = preSolution
		Debug|Any CPU = Debug|Any CPU
		Release|Any CPU = Release|Any CPU
	EndGlobalSection
	GlobalSection(ProjectConfigurationPlatforms) = postSolution
		{EE4B28F2-EFB4-4FAA-9284-9B57585C810B}.Debug|Any CPU.ActiveCfg = Debug|Any CPU
		{EE4B28F2-EFB4-4FAA-9284-9B57585C810B}.Debug|Any CPU.Build.0 = Debug|Any CPU
		{EE4B28F2-EFB4-4FAA-9284-9B57585C810B}.Release|Any CPU.ActiveCfg = Release|Any CPU
		{EE4B28F2-EFB4-4FAA-9284-9B57585C810B}.Release|Any CPU.Build.0 = Release|Any CPU
	EndGlobalSection
	GlobalSection(SolutionProperties) = preSolution
		HideSolutionNode = FALSE
	EndGlobalSection
	GlobalSection(ExtensibilityGlobals) = postSolution
		SolutionGuid = {7C24B13A-E70D-4D27-97E5-8EC63E9836F6}
	EndGlobalSection
EndGlobal
