
Microsoft Visual Studio Solution File, Format Version 12.00
# Visual Studio Version 17
VisualStudioVersion = 17.0.31912.275
MinimumVisualStudioVersion = 10.0.40219.1
Project("{FAE04EC0-301F-11D3-BF4B-00C04F79EFBC}") = "ExampleEfProject", "ExampleEfProject\ExampleEfProject.csproj", "{80158C2F-6A31-471A-8DF4-F34C2F51892C}"
EndProject
Global
	GlobalSection(SolutionConfigurationPlatforms) = preSolution
		Debug|Any CPU = Debug|Any CPU
		Release|Any CPU = Release|Any CPU
	EndGlobalSection
	GlobalSection(ProjectConfigurationPlatforms) = postSolution
		{80158C2F-6A31-471A-8DF4-F34C2F51892C}.Debug|Any CPU.ActiveCfg = Debug|Any CPU
		{80158C2F-6A31-471A-8DF4-F34C2F51892C}.Debug|Any CPU.Build.0 = Debug|Any CPU
		{80158C2F-6A31-471A-8DF4-F34C2F51892C}.Release|Any CPU.ActiveCfg = Release|Any CPU
		{80158C2F-6A31-471A-8DF4-F34C2F51892C}.Release|Any CPU.Build.0 = Release|Any CPU
	EndGlobalSection
	GlobalSection(SolutionProperties) = preSolution
		HideSolutionNode = FALSE
	EndGlobalSection
	GlobalSection(ExtensibilityGlobals) = postSolution
		SolutionGuid = {F96F2FE3-B4A9-4B88-8162-D0D4B7052D54}
	EndGlobalSection
EndGlobal
